
Microsoft Visual Studio Solution File, Format Version 12.00
Project("{FAE04EC0-301F-11D3-BF4B-00C04F79EFBC}") = "HashingReferences", "HashingReferences\HashingReferences.csproj", "{BB7440E8-C0CD-4834-95F5-D204217FED99}"
EndProject
Global
	GlobalSection(SolutionConfigurationPlatforms) = preSolution
		Debug|Any CPU = Debug|Any CPU
		Release|Any CPU = Release|Any CPU
	EndGlobalSection
	GlobalSection(ProjectConfigurationPlatforms) = postSolution
		{BB7440E8-C0CD-4834-95F5-D204217FED99}.Debug|Any CPU.ActiveCfg = Debug|Any CPU
		{BB7440E8-C0CD-4834-95F5-D204217FED99}.Debug|Any CPU.Build.0 = Debug|Any CPU
		{BB7440E8-C0CD-4834-95F5-D204217FED99}.Release|Any CPU.ActiveCfg = Release|Any CPU
		{BB7440E8-C0CD-4834-95F5-D204217FED99}.Release|Any CPU.Build.0 = Release|Any CPU
	EndGlobalSection
EndGlobal
