
Microsoft Visual Studio Solution File, Format Version 12.00
# Visual Studio Version 16
VisualStudioVersion = 16.0.31205.134
MinimumVisualStudioVersion = 10.0.40219.1
Project("{FAE04EC0-301F-11D3-BF4B-00C04F79EFBC}") = "PatternMatching", "PatternMatching.csproj", "{C09F7326-C1CC-4BDC-BD20-FCBE91F2C632}"
EndProject
Global
	GlobalSection(SolutionConfigurationPlatforms) = preSolution
		Debug|Any CPU = Debug|Any CPU
		Release|Any CPU = Release|Any CPU
	EndGlobalSection
	GlobalSection(ProjectConfigurationPlatforms) = postSolution
		{C09F7326-C1CC-4BDC-BD20-FCBE91F2C632}.Debug|Any CPU.ActiveCfg = Debug|Any CPU
		{C09F7326-C1CC-4BDC-BD20-FCBE91F2C632}.Debug|Any CPU.Build.0 = Debug|Any CPU
		{C09F7326-C1CC-4BDC-BD20-FCBE91F2C632}.Release|Any CPU.ActiveCfg = Release|Any CPU
		{C09F7326-C1CC-4BDC-BD20-FCBE91F2C632}.Release|Any CPU.Build.0 = Release|Any CPU
	EndGlobalSection
	GlobalSection(SolutionProperties) = preSolution
		HideSolutionNode = FALSE
	EndGlobalSection
	GlobalSection(ExtensibilityGlobals) = postSolution
		SolutionGuid = {21A6D7C8-1845-424E-9F99-5A445FC49959}
	EndGlobalSection
EndGlobal
