
Microsoft Visual Studio Solution File, Format Version 12.00
# Visual Studio Version 16
VisualStudioVersion = 16.0.29911.84
MinimumVisualStudioVersion = 10.0.40219.1
Project("{FAE04EC0-301F-11D3-BF4B-00C04F79EFBC}") = "BenchmarkDotNetDeepDive", "BenchmarkDotNetDeepDive.csproj", "{49B69FAB-A116-404F-8F11-31A33BF78CBA}"
EndProject
Global
	GlobalSection(SolutionConfigurationPlatforms) = preSolution
		Debug|Any CPU = Debug|Any CPU
		Release|Any CPU = Release|Any CPU
	EndGlobalSection
	GlobalSection(ProjectConfigurationPlatforms) = postSolution
		{49B69FAB-A116-404F-8F11-31A33BF78CBA}.Debug|Any CPU.ActiveCfg = Debug|Any CPU
		{49B69FAB-A116-404F-8F11-31A33BF78CBA}.Debug|Any CPU.Build.0 = Debug|Any CPU
		{49B69FAB-A116-404F-8F11-31A33BF78CBA}.Release|Any CPU.ActiveCfg = Release|Any CPU
		{49B69FAB-A116-404F-8F11-31A33BF78CBA}.Release|Any CPU.Build.0 = Release|Any CPU
	EndGlobalSection
	GlobalSection(SolutionProperties) = preSolution
		HideSolutionNode = FALSE
	EndGlobalSection
	GlobalSection(ExtensibilityGlobals) = postSolution
		SolutionGuid = {9A10B670-59B2-4EA6-B9E8-C4465ABF5EB0}
	EndGlobalSection
EndGlobal
