
Microsoft Visual Studio Solution File, Format Version 12.00
Project("{FAE04EC0-301F-11D3-BF4B-00C04F79EFBC}") = "Cataloging", "Cataloging.csproj", "{50EC5FC5-3323-4C24-8158-4D49F55A3F9B}"
EndProject
Global
	GlobalSection(SolutionConfigurationPlatforms) = preSolution
		Debug|Any CPU = Debug|Any CPU
		Release|Any CPU = Release|Any CPU
	EndGlobalSection
	GlobalSection(ProjectConfigurationPlatforms) = postSolution
		{50EC5FC5-3323-4C24-8158-4D49F55A3F9B}.Debug|Any CPU.ActiveCfg = Debug|Any CPU
		{50EC5FC5-3323-4C24-8158-4D49F55A3F9B}.Debug|Any CPU.Build.0 = Debug|Any CPU
		{50EC5FC5-3323-4C24-8158-4D49F55A3F9B}.Release|Any CPU.ActiveCfg = Release|Any CPU
		{50EC5FC5-3323-4C24-8158-4D49F55A3F9B}.Release|Any CPU.Build.0 = Release|Any CPU
	EndGlobalSection
EndGlobal
