
Microsoft Visual Studio Solution File, Format Version 12.00
# Visual Studio 15
VisualStudioVersion = 15.0.28307.572
MinimumVisualStudioVersion = 10.0.40219.1
Project("{FAE04EC0-301F-11D3-BF4B-00C04F79EFBC}") = "DependencyInjectionFromTheGroundUp", "DependencyInjectionFromTheGroundUp\DependencyInjectionFromTheGroundUp.csproj", "{B4470DD0-202F-4477-B0F4-6E20973A5BAD}"
EndProject
Project("{FAE04EC0-301F-11D3-BF4B-00C04F79EFBC}") = "DependencyInjection.Unit.Tests", "DependencyInjection.Unit.Tests\DependencyInjection.Unit.Tests.csproj", "{F209FDE7-F4B1-4E86-A1EB-464F2AFF9985}"
EndProject
Global
	GlobalSection(SolutionConfigurationPlatforms) = preSolution
		Debug|Any CPU = Debug|Any CPU
		Release|Any CPU = Release|Any CPU
	EndGlobalSection
	GlobalSection(ProjectConfigurationPlatforms) = postSolution
		{B4470DD0-202F-4477-B0F4-6E20973A5BAD}.Debug|Any CPU.ActiveCfg = Debug|Any CPU
		{B4470DD0-202F-4477-B0F4-6E20973A5BAD}.Debug|Any CPU.Build.0 = Debug|Any CPU
		{B4470DD0-202F-4477-B0F4-6E20973A5BAD}.Release|Any CPU.ActiveCfg = Release|Any CPU
		{B4470DD0-202F-4477-B0F4-6E20973A5BAD}.Release|Any CPU.Build.0 = Release|Any CPU
		{F209FDE7-F4B1-4E86-A1EB-464F2AFF9985}.Debug|Any CPU.ActiveCfg = Debug|Any CPU
		{F209FDE7-F4B1-4E86-A1EB-464F2AFF9985}.Debug|Any CPU.Build.0 = Debug|Any CPU
		{F209FDE7-F4B1-4E86-A1EB-464F2AFF9985}.Release|Any CPU.ActiveCfg = Release|Any CPU
		{F209FDE7-F4B1-4E86-A1EB-464F2AFF9985}.Release|Any CPU.Build.0 = Release|Any CPU
	EndGlobalSection
	GlobalSection(SolutionProperties) = preSolution
		HideSolutionNode = FALSE
	EndGlobalSection
	GlobalSection(ExtensibilityGlobals) = postSolution
		SolutionGuid = {4BEFFE8D-0AE1-4611-9D65-6D5FF3D37168}
	EndGlobalSection
EndGlobal
