
Microsoft Visual Studio Solution File, Format Version 12.00
# Visual Studio Version 16
VisualStudioVersion = 16.0.29911.84
MinimumVisualStudioVersion = 10.0.40219.1
Project("{FAE04EC0-301F-11D3-BF4B-00C04F79EFBC}") = "SecurityHeadersGuide", "SecurityHeadersGuide\SecurityHeadersGuide.csproj", "{55B0E470-43D3-4164-8067-3D4E6AFA1AAF}"
EndProject
Global
	GlobalSection(SolutionConfigurationPlatforms) = preSolution
		Debug|Any CPU = Debug|Any CPU
		Release|Any CPU = Release|Any CPU
	EndGlobalSection
	GlobalSection(ProjectConfigurationPlatforms) = postSolution
		{55B0E470-43D3-4164-8067-3D4E6AFA1AAF}.Debug|Any CPU.ActiveCfg = Debug|Any CPU
		{55B0E470-43D3-4164-8067-3D4E6AFA1AAF}.Debug|Any CPU.Build.0 = Debug|Any CPU
		{55B0E470-43D3-4164-8067-3D4E6AFA1AAF}.Release|Any CPU.ActiveCfg = Release|Any CPU
		{55B0E470-43D3-4164-8067-3D4E6AFA1AAF}.Release|Any CPU.Build.0 = Release|Any CPU
	EndGlobalSection
	GlobalSection(SolutionProperties) = preSolution
		HideSolutionNode = FALSE
	EndGlobalSection
	GlobalSection(ExtensibilityGlobals) = postSolution
		SolutionGuid = {F6A3705B-AE58-4105-9BD4-FA923157682F}
	EndGlobalSection
EndGlobal
