
Microsoft Visual Studio Solution File, Format Version 12.00
# Visual Studio Version 16
VisualStudioVersion = 16.0.31205.134
MinimumVisualStudioVersion = 10.0.40219.1
Project("{9A19103F-16F7-4668-BE54-9A1E7A4F7556}") = "AWSLambda", "AWSLambda.csproj", "{E2755D4B-1A47-43B4-A425-FF0EB00D5390}"
EndProject
Project("{9A19103F-16F7-4668-BE54-9A1E7A4F7556}") = "AWSLambda.Tests", "..\AWSLambda.Tests\AWSLambda.Tests.csproj", "{AC396AEB-B02C-4D96-AED7-4A53B5081BEC}"
EndProject
Global
	GlobalSection(SolutionConfigurationPlatforms) = preSolution
		Debug|Any CPU = Debug|Any CPU
		Release|Any CPU = Release|Any CPU
	EndGlobalSection
	GlobalSection(ProjectConfigurationPlatforms) = postSolution
		{E2755D4B-1A47-43B4-A425-FF0EB00D5390}.Debug|Any CPU.ActiveCfg = Debug|Any CPU
		{E2755D4B-1A47-43B4-A425-FF0EB00D5390}.Debug|Any CPU.Build.0 = Debug|Any CPU
		{E2755D4B-1A47-43B4-A425-FF0EB00D5390}.Release|Any CPU.ActiveCfg = Release|Any CPU
		{E2755D4B-1A47-43B4-A425-FF0EB00D5390}.Release|Any CPU.Build.0 = Release|Any CPU
		{AC396AEB-B02C-4D96-AED7-4A53B5081BEC}.Debug|Any CPU.ActiveCfg = Debug|Any CPU
		{AC396AEB-B02C-4D96-AED7-4A53B5081BEC}.Debug|Any CPU.Build.0 = Debug|Any CPU
		{AC396AEB-B02C-4D96-AED7-4A53B5081BEC}.Release|Any CPU.ActiveCfg = Release|Any CPU
		{AC396AEB-B02C-4D96-AED7-4A53B5081BEC}.Release|Any CPU.Build.0 = Release|Any CPU
	EndGlobalSection
	GlobalSection(SolutionProperties) = preSolution
		HideSolutionNode = FALSE
	EndGlobalSection
	GlobalSection(ExtensibilityGlobals) = postSolution
		SolutionGuid = {562E3D1E-AEFF-4E31-99DC-2D36CE12CBF5}
	EndGlobalSection
EndGlobal
