
Microsoft Visual Studio Solution File, Format Version 12.00
Project("{FAE04EC0-301F-11D3-BF4B-00C04F79EFBC}") = "MySkipList", "MySkipList.csproj", "{FA706D9D-D281-4A4F-9152-DF1DFB9BEDD3}"
EndProject
Global
	GlobalSection(SolutionConfigurationPlatforms) = preSolution
		Debug|Any CPU = Debug|Any CPU
		Release|Any CPU = Release|Any CPU
	EndGlobalSection
	GlobalSection(ProjectConfigurationPlatforms) = postSolution
		{FA706D9D-D281-4A4F-9152-DF1DFB9BEDD3}.Debug|Any CPU.ActiveCfg = Debug|Any CPU
		{FA706D9D-D281-4A4F-9152-DF1DFB9BEDD3}.Debug|Any CPU.Build.0 = Debug|Any CPU
		{FA706D9D-D281-4A4F-9152-DF1DFB9BEDD3}.Release|Any CPU.ActiveCfg = Release|Any CPU
		{FA706D9D-D281-4A4F-9152-DF1DFB9BEDD3}.Release|Any CPU.Build.0 = Release|Any CPU
	EndGlobalSection
EndGlobal
