
Microsoft Visual Studio Solution File, Format Version 12.00
# Visual Studio Version 16
VisualStudioVersion = 16.0.29911.84
MinimumVisualStudioVersion = 10.0.40219.1
Project("{FAE04EC0-301F-11D3-BF4B-00C04F79EFBC}") = "EnumDetailsService", "EnumDetailsService.csproj", "{979B4C1B-78BF-44AE-9C8A-81DBBE39968E}"
EndProject
Global
	GlobalSection(SolutionConfigurationPlatforms) = preSolution
		Debug|Any CPU = Debug|Any CPU
		Release|Any CPU = Release|Any CPU
	EndGlobalSection
	GlobalSection(ProjectConfigurationPlatforms) = postSolution
		{979B4C1B-78BF-44AE-9C8A-81DBBE39968E}.Debug|Any CPU.ActiveCfg = Debug|Any CPU
		{979B4C1B-78BF-44AE-9C8A-81DBBE39968E}.Debug|Any CPU.Build.0 = Debug|Any CPU
		{979B4C1B-78BF-44AE-9C8A-81DBBE39968E}.Release|Any CPU.ActiveCfg = Release|Any CPU
		{979B4C1B-78BF-44AE-9C8A-81DBBE39968E}.Release|Any CPU.Build.0 = Release|Any CPU
	EndGlobalSection
	GlobalSection(SolutionProperties) = preSolution
		HideSolutionNode = FALSE
	EndGlobalSection
	GlobalSection(ExtensibilityGlobals) = postSolution
		SolutionGuid = {FB3AD04A-CEAD-481E-A21A-D9E3DC1A228E}
	EndGlobalSection
EndGlobal
