
Microsoft Visual Studio Solution File, Format Version 12.00
# Visual Studio 15
VisualStudioVersion = 15.0.28307.572
MinimumVisualStudioVersion = 10.0.40219.1
Project("{FAE04EC0-301F-11D3-BF4B-00C04F79EFBC}") = "MagicalMethods", "MagicalMethods\MagicalMethods.csproj", "{09DCEFA9-9A0C-4628-A574-455C6B69852D}"
EndProject
Global
	GlobalSection(SolutionConfigurationPlatforms) = preSolution
		Debug|Any CPU = Debug|Any CPU
		Release|Any CPU = Release|Any CPU
	EndGlobalSection
	GlobalSection(ProjectConfigurationPlatforms) = postSolution
		{09DCEFA9-9A0C-4628-A574-455C6B69852D}.Debug|Any CPU.ActiveCfg = Debug|Any CPU
		{09DCEFA9-9A0C-4628-A574-455C6B69852D}.Debug|Any CPU.Build.0 = Debug|Any CPU
		{09DCEFA9-9A0C-4628-A574-455C6B69852D}.Release|Any CPU.ActiveCfg = Release|Any CPU
		{09DCEFA9-9A0C-4628-A574-455C6B69852D}.Release|Any CPU.Build.0 = Release|Any CPU
	EndGlobalSection
	GlobalSection(SolutionProperties) = preSolution
		HideSolutionNode = FALSE
	EndGlobalSection
	GlobalSection(ExtensibilityGlobals) = postSolution
		SolutionGuid = {7CB680DE-342F-4201-9A87-F5AAD83788B7}
	EndGlobalSection
EndGlobal
