
Microsoft Visual Studio Solution File, Format Version 12.00
# Visual Studio Version 16
VisualStudioVersion = 16.0.31205.134
MinimumVisualStudioVersion = 10.0.40219.1
Project("{FAE04EC0-301F-11D3-BF4B-00C04F79EFBC}") = "Chunks", "Chunks.csproj", "{18DA701A-CED4-4019-9CCF-8DA4D27BDACD}"
EndProject
Global
	GlobalSection(SolutionConfigurationPlatforms) = preSolution
		Debug|Any CPU = Debug|Any CPU
		Release|Any CPU = Release|Any CPU
	EndGlobalSection
	GlobalSection(ProjectConfigurationPlatforms) = postSolution
		{18DA701A-CED4-4019-9CCF-8DA4D27BDACD}.Debug|Any CPU.ActiveCfg = Debug|Any CPU
		{18DA701A-CED4-4019-9CCF-8DA4D27BDACD}.Debug|Any CPU.Build.0 = Debug|Any CPU
		{18DA701A-CED4-4019-9CCF-8DA4D27BDACD}.Release|Any CPU.ActiveCfg = Release|Any CPU
		{18DA701A-CED4-4019-9CCF-8DA4D27BDACD}.Release|Any CPU.Build.0 = Release|Any CPU
	EndGlobalSection
	GlobalSection(SolutionProperties) = preSolution
		HideSolutionNode = FALSE
	EndGlobalSection
	GlobalSection(ExtensibilityGlobals) = postSolution
		SolutionGuid = {B1EBBE5C-8D97-4367-B4B9-5E3148ADE321}
	EndGlobalSection
EndGlobal
