
Microsoft Visual Studio Solution File, Format Version 12.00
Project("{FAE04EC0-301F-11D3-BF4B-00C04F79EFBC}") = "LmaxDisruptorExtensions", "LmaxDisruptorExtensions.csproj", "{2CFE114A-9F0B-4C57-93BB-1929175CEA9E}"
EndProject
Global
	GlobalSection(SolutionConfigurationPlatforms) = preSolution
		Debug|Any CPU = Debug|Any CPU
		Release|Any CPU = Release|Any CPU
	EndGlobalSection
	GlobalSection(ProjectConfigurationPlatforms) = postSolution
		{2CFE114A-9F0B-4C57-93BB-1929175CEA9E}.Debug|Any CPU.ActiveCfg = Debug|Any CPU
		{2CFE114A-9F0B-4C57-93BB-1929175CEA9E}.Debug|Any CPU.Build.0 = Debug|Any CPU
		{2CFE114A-9F0B-4C57-93BB-1929175CEA9E}.Release|Any CPU.ActiveCfg = Release|Any CPU
		{2CFE114A-9F0B-4C57-93BB-1929175CEA9E}.Release|Any CPU.Build.0 = Release|Any CPU
	EndGlobalSection
EndGlobal
