
Microsoft Visual Studio Solution File, Format Version 12.00
# Visual Studio Version 16
VisualStudioVersion = 25.0.1705.4
MinimumVisualStudioVersion = 10.0.40219.1
Project("{FAE04EC0-301F-11D3-BF4B-00C04F79EFBC}") = "DockerExample", "DockerExample\DockerExample.csproj", "{CF96B123-60E9-42E3-AD19-B87E87DC2B82}"
EndProject
Project("{E53339B2-1760-4266-BCC7-CA923CBCF16C}") = "docker-compose", "docker-compose.dcproj", "{4FE441E0-D4B4-4955-A397-83E0853E01B0}"
EndProject
Global
	GlobalSection(SolutionConfigurationPlatforms) = preSolution
		Debug|Any CPU = Debug|Any CPU
		Release|Any CPU = Release|Any CPU
	EndGlobalSection
	GlobalSection(ProjectConfigurationPlatforms) = postSolution
		{CF96B123-60E9-42E3-AD19-B87E87DC2B82}.Debug|Any CPU.ActiveCfg = Debug|Any CPU
		{CF96B123-60E9-42E3-AD19-B87E87DC2B82}.Debug|Any CPU.Build.0 = Debug|Any CPU
		{CF96B123-60E9-42E3-AD19-B87E87DC2B82}.Release|Any CPU.ActiveCfg = Release|Any CPU
		{CF96B123-60E9-42E3-AD19-B87E87DC2B82}.Release|Any CPU.Build.0 = Release|Any CPU
		{4FE441E0-D4B4-4955-A397-83E0853E01B0}.Debug|Any CPU.ActiveCfg = Debug|Any CPU
		{4FE441E0-D4B4-4955-A397-83E0853E01B0}.Debug|Any CPU.Build.0 = Debug|Any CPU
		{4FE441E0-D4B4-4955-A397-83E0853E01B0}.Release|Any CPU.ActiveCfg = Release|Any CPU
		{4FE441E0-D4B4-4955-A397-83E0853E01B0}.Release|Any CPU.Build.0 = Release|Any CPU
	EndGlobalSection
	GlobalSection(SolutionProperties) = preSolution
		HideSolutionNode = FALSE
	EndGlobalSection
	GlobalSection(ExtensibilityGlobals) = postSolution
		SolutionGuid = {B06E252E-A926-4FF0-8379-2B6A013EBFE3}
	EndGlobalSection
EndGlobal
